
Microsoft Visual Studio Solution File, Format Version 12.00
Project("{2150E333-8FDC-42A3-9474-1A3956D46DE8}") = "src", "src", "{CBD8E70F-A0E8-4C1C-BB20-36DA452DF2F8}"
EndProject
Project("{2150E333-8FDC-42A3-9474-1A3956D46DE8}") = "tests", "tests", "{3335FED6-9094-4A96-A73C-D21A9EA8E623}"
EndProject
Project("{FAE04EC0-301F-11D3-BF4B-00C04F79EFBC}") = "MvvmTemplate.GUI", "src\MvvmTemplate.GUI\MvvmTemplate.GUI.csproj", "{8401B1C6-0271-49A2-825D-CE64CEF3ABD7}"
EndProject
Project("{FAE04EC0-301F-11D3-BF4B-00C04F79EFBC}") = "MvvmTemplate.GUI.FunctionTests", "tests\MvvmTemplate.GUI.FunctionTests\MvvmTemplate.GUI.FunctionTests.csproj", "{DC9E9D3B-C78D-4644-9901-A3E26D2A5EC8}"
EndProject
Global
	GlobalSection(SolutionConfigurationPlatforms) = preSolution
		Debug|Any CPU = Debug|Any CPU
		Release|Any CPU = Release|Any CPU
	EndGlobalSection
	GlobalSection(NestedProjects) = preSolution
		{8401B1C6-0271-49A2-825D-CE64CEF3ABD7} = {CBD8E70F-A0E8-4C1C-BB20-36DA452DF2F8}
		{DC9E9D3B-C78D-4644-9901-A3E26D2A5EC8} = {3335FED6-9094-4A96-A73C-D21A9EA8E623}
	EndGlobalSection
	GlobalSection(ProjectConfigurationPlatforms) = postSolution
		{8401B1C6-0271-49A2-825D-CE64CEF3ABD7}.Debug|Any CPU.ActiveCfg = Debug|Any CPU
		{8401B1C6-0271-49A2-825D-CE64CEF3ABD7}.Debug|Any CPU.Build.0 = Debug|Any CPU
		{8401B1C6-0271-49A2-825D-CE64CEF3ABD7}.Release|Any CPU.ActiveCfg = Release|Any CPU
		{8401B1C6-0271-49A2-825D-CE64CEF3ABD7}.Release|Any CPU.Build.0 = Release|Any CPU
		{DC9E9D3B-C78D-4644-9901-A3E26D2A5EC8}.Debug|Any CPU.ActiveCfg = Debug|Any CPU
		{DC9E9D3B-C78D-4644-9901-A3E26D2A5EC8}.Debug|Any CPU.Build.0 = Debug|Any CPU
		{DC9E9D3B-C78D-4644-9901-A3E26D2A5EC8}.Release|Any CPU.ActiveCfg = Release|Any CPU
		{DC9E9D3B-C78D-4644-9901-A3E26D2A5EC8}.Release|Any CPU.Build.0 = Release|Any CPU
	EndGlobalSection
EndGlobal
